
Microsoft Visual Studio Solution File, Format Version 12.00
# Visual Studio Version 17
VisualStudioVersion = 17.12.35506.116
MinimumVisualStudioVersion = 10.0.40219.1
Project("{8BC9CEB8-8B4A-11D0-8D11-00A0C91BC942}") = "alephium_visualizer", "alephium_visualizer.vcxproj", "{A5B1EED0-31AA-4165-9324-30D76C33CE3B}"
	ProjectSection(ProjectDependencies) = postProject
		{4C1AA4B2-BC4E-4DD5-8E48-D0967106857D} = {4C1AA4B2-BC4E-4DD5-8E48-D0967106857D}
		{6D69B7F2-ED37-4EAE-AF2A-0ABEEF80B4AF} = {6D69B7F2-ED37-4EAE-AF2A-0ABEEF80B4AF}
		{8F3A2B1C-9D4E-4F5A-A6B7-C8D9E0F1A2B3} = {8F3A2B1C-9D4E-4F5A-A6B7-C8D9E0F1A2B3}
	EndProjectSection
EndProject
Project("{8BC9CEB8-8B4A-11D0-8D11-00A0C91BC942}") = "blockviz_engine", "blockviz_engine.vcxproj", "{4C1AA4B2-BC4E-4DD5-8E48-D0967106857D}"
	ProjectSection(ProjectDependencies) = postProject
		{6D69B7F2-ED37-4EAE-AF2A-0ABEEF80B4AF} = {6D69B7F2-ED37-4EAE-AF2A-0ABEEF80B4AF}
		{8F3A2B1C-9D4E-4F5A-A6B7-C8D9E0F1A2B3} = {8F3A2B1C-9D4E-4F5A-A6B7-C8D9E0F1A2B3}
	EndProjectSection
EndProject
Project("{8BC9CEB8-8B4A-11D0-8D11-00A0C91BC942}") = "graphics", "graphics.vcxproj", "{6D69B7F2-ED37-4EAE-AF2A-0ABEEF80B4AF}"
EndProject
Project("{8BC9CEB8-8B4A-11D0-8D11-00A0C91BC942}") = "network", "network.vcxproj", "{8F3A2B1C-9D4E-4F5A-A6B7-C8D9E0F1A2B3}"
EndProject
Project("{8BC9CEB8-8B4A-11D0-8D11-00A0C91BC942}") = "blockviz_tests", "blockviz_tests.vcxproj", "{B7E2C91A-4F3D-48A1-9C6E-2D8F0A1B3C4D}"
EndProject
Project("{8BC9CEB8-8B4A-11D0-8D11-00A0C91BC942}") = "graphics_visual_tests", "graphics_visual_tests.vcxproj", "{C8D3E4F5-A1B2-4C5D-9E0F-1A2B3C4D5E6F}"
	ProjectSection(ProjectDependencies) = postProject
		{4C1AA4B2-BC4E-4DD5-8E48-D0967106857D} = {4C1AA4B2-BC4E-4DD5-8E48-D0967106857D}
		{6D69B7F2-ED37-4EAE-AF2A-0ABEEF80B4AF} = {6D69B7F2-ED37-4EAE-AF2A-0ABEEF80B4AF}
		{8F3A2B1C-9D4E-4F5A-A6B7-C8D9E0F1A2B3} = {8F3A2B1C-9D4E-4F5A-A6B7-C8D9E0F1A2B3}
	EndProjectSection
EndProject
Global
	GlobalSection(SolutionConfigurationPlatforms) = preSolution
		Debug|x64 = Debug|x64
		Debug|x86 = Debug|x86
		Release|x64 = Release|x64
		Release|x86 = Release|x86
	EndGlobalSection
	GlobalSection(ProjectConfigurationPlatforms) = postSolution
		{A5B1EED0-31AA-4165-9324-30D76C33CE3B}.Debug|x64.ActiveCfg = Debug|x64
		{A5B1EED0-31AA-4165-9324-30D76C33CE3B}.Debug|x64.Build.0 = Debug|x64
		{A5B1EED0-31AA-4165-9324-30D76C33CE3B}.Debug|x86.ActiveCfg = Debug|Win32
		{A5B1EED0-31AA-4165-9324-30D76C33CE3B}.Debug|x86.Build.0 = Debug|Win32
		{A5B1EED0-31AA-4165-9324-30D76C33CE3B}.Release|x64.ActiveCfg = Release|x64
		{A5B1EED0-31AA-4165-9324-30D76C33CE3B}.Release|x64.Build.0 = Release|x64
		{A5B1EED0-31AA-4165-9324-30D76C33CE3B}.Release|x86.ActiveCfg = Release|Win32
		{A5B1EED0-31AA-4165-9324-30D76C33CE3B}.Release|x86.Build.0 = Release|Win32
		{4C1AA4B2-BC4E-4DD5-8E48-D0967106857D}.Debug|x64.ActiveCfg = Debug|x64
		{4C1AA4B2-BC4E-4DD5-8E48-D0967106857D}.Debug|x64.Build.0 = Debug|x64
		{4C1AA4B2-BC4E-4DD5-8E48-D0967106857D}.Debug|x86.ActiveCfg = Debug|Win32
		{4C1AA4B2-BC4E-4DD5-8E48-D0967106857D}.Debug|x86.Build.0 = Debug|Win32
		{4C1AA4B2-BC4E-4DD5-8E48-D0967106857D}.Release|x64.ActiveCfg = Release|x64
		{4C1AA4B2-BC4E-4DD5-8E48-D0967106857D}.Release|x64.Build.0 = Release|x64
		{4C1AA4B2-BC4E-4DD5-8E48-D0967106857D}.Release|x86.ActiveCfg = Release|Win32
		{4C1AA4B2-BC4E-4DD5-8E48-D0967106857D}.Release|x86.Build.0 = Release|Win32
		{6D69B7F2-ED37-4EAE-AF2A-0ABEEF80B4AF}.Debug|x64.ActiveCfg = Debug|x64
		{6D69B7F2-ED37-4EAE-AF2A-0ABEEF80B4AF}.Debug|x64.Build.0 = Debug|x64
		{6D69B7F2-ED37-4EAE-AF2A-0ABEEF80B4AF}.Debug|x86.ActiveCfg = Debug|Win32
		{6D69B7F2-ED37-4EAE-AF2A-0ABEEF80B4AF}.Debug|x86.Build.0 = Debug|Win32
		{6D69B7F2-ED37-4EAE-AF2A-0ABEEF80B4AF}.Release|x64.ActiveCfg = Release|x64
		{6D69B7F2-ED37-4EAE-AF2A-0ABEEF80B4AF}.Release|x64.Build.0 = Release|x64
		{6D69B7F2-ED37-4EAE-AF2A-0ABEEF80B4AF}.Release|x86.ActiveCfg = Release|Win32
		{6D69B7F2-ED37-4EAE-AF2A-0ABEEF80B4AF}.Release|x86.Build.0 = Release|Win32
		{8F3A2B1C-9D4E-4F5A-A6B7-C8D9E0F1A2B3}.Debug|x64.ActiveCfg = Debug|x64
		{8F3A2B1C-9D4E-4F5A-A6B7-C8D9E0F1A2B3}.Debug|x64.Build.0 = Debug|x64
		{8F3A2B1C-9D4E-4F5A-A6B7-C8D9E0F1A2B3}.Debug|x86.ActiveCfg = Debug|Win32
		{8F3A2B1C-9D4E-4F5A-A6B7-C8D9E0F1A2B3}.Debug|x86.Build.0 = Debug|Win32
		{8F3A2B1C-9D4E-4F5A-A6B7-C8D9E0F1A2B3}.Release|x64.ActiveCfg = Release|x64
		{8F3A2B1C-9D4E-4F5A-A6B7-C8D9E0F1A2B3}.Release|x64.Build.0 = Release|x64
		{8F3A2B1C-9D4E-4F5A-A6B7-C8D9E0F1A2B3}.Release|x86.ActiveCfg = Release|Win32
		{8F3A2B1C-9D4E-4F5A-A6B7-C8D9E0F1A2B3}.Release|x86.Build.0 = Release|Win32
		{B7E2C91A-4F3D-48A1-9C6E-2D8F0A1B3C4D}.Debug|x64.ActiveCfg = Debug|x64
		{B7E2C91A-4F3D-48A1-9C6E-2D8F0A1B3C4D}.Debug|x64.Build.0 = Debug|x64
		{B7E2C91A-4F3D-48A1-9C6E-2D8F0A1B3C4D}.Debug|x86.ActiveCfg = Debug|x64
		{B7E2C91A-4F3D-48A1-9C6E-2D8F0A1B3C4D}.Release|x64.ActiveCfg = Release|x64
		{B7E2C91A-4F3D-48A1-9C6E-2D8F0A1B3C4D}.Release|x64.Build.0 = Release|x64
		{B7E2C91A-4F3D-48A1-9C6E-2D8F0A1B3C4D}.Release|x86.ActiveCfg = Release|x64
		{C8D3E4F5-A1B2-4C5D-9E0F-1A2B3C4D5E6F}.Debug|x64.ActiveCfg = Debug|x64
		{C8D3E4F5-A1B2-4C5D-9E0F-1A2B3C4D5E6F}.Debug|x64.Build.0 = Debug|x64
		{C8D3E4F5-A1B2-4C5D-9E0F-1A2B3C4D5E6F}.Debug|x86.ActiveCfg = Debug|x64
		{C8D3E4F5-A1B2-4C5D-9E0F-1A2B3C4D5E6F}.Release|x64.ActiveCfg = Release|x64
		{C8D3E4F5-A1B2-4C5D-9E0F-1A2B3C4D5E6F}.Release|x64.Build.0 = Release|x64
		{C8D3E4F5-A1B2-4C5D-9E0F-1A2B3C4D5E6F}.Release|x86.ActiveCfg = Release|x64
	EndGlobalSection
	GlobalSection(SolutionProperties) = preSolution
		HideSolutionNode = FALSE
	EndGlobalSection
	GlobalSection(ExtensibilityGlobals) = postSolution
		SolutionGuid = {97870930-ADA9-4953-8A4F-F33E7B0D625A}
	EndGlobalSection
EndGlobal
